// !$*UTF8*$!
{
	archiveVersion = 1;
	classes = {
	};
	objectVersion = 50;
	objects = {

/* Begin PBXBuildFile section */
		1A09542527BAD63E00457D59 /* UselessCommon.framework in Frameworks */ = {isa = PBXBuildFile; fileRef = 1A09542427BAD62A00457D59 /* UselessCommon.framework */; };
		1A09542627BAD63E00457D59 /* UselessCommon.framework in Embed Frameworks */ = {isa = PBXBuildFile; fileRef = 1A09542427BAD62A00457D59 /* UselessCommon.framework */; settings = {ATTRIBUTES = (CodeSignOnCopy, RemoveHeadersOnCopy, ); }; };
		1A2010CD25B377DA00776B52 /* GameWorldCollisionGrid.swift in Sources */ = {isa = PBXBuildFile; fileRef = 1A2010CC25B377DA00776B52 /* GameWorldCollisionGrid.swift */; };
		1A317E2425BA8305004358E3 /* GameWorldMemberChanges.swift in Sources */ = {isa = PBXBuildFile; fileRef = 1A317E2325BA8305004358E3 /* GameWorldMemberChanges.swift */; };
		1A317E4125BE195B004358E3 /* GameWorldPositionable.swift in Sources */ = {isa = PBXBuildFile; fileRef = 1A317E4025BE195B004358E3 /* GameWorldPositionable.swift */; };
		1A317E7B25C24BB0004358E3 /* GameWorldTerrain.swift in Sources */ = {isa = PBXBuildFile; fileRef = 1A317E7A25C24BB0004358E3 /* GameWorldTerrain.swift */; };
		1A31D40025CCF497004837C9 /* Ray.swift in Sources */ = {isa = PBXBuildFile; fileRef = 1A31D3FF25CCF497004837C9 /* Ray.swift */; };
		1A32FC1D24C1E33800CE3B0F /* UselessEngine.h in Headers */ = {isa = PBXBuildFile; fileRef = 1A32FC1B24C1E33800CE3B0F /* UselessEngine.h */; settings = {ATTRIBUTES = (Public, ); }; };
		1A32FC4F24C1E36700CE3B0F /* GameWorldCollisionDelegate.swift in Sources */ = {isa = PBXBuildFile; fileRef = 1A32FC2424C1E36400CE3B0F /* GameWorldCollisionDelegate.swift */; };
		1A32FC5124C1E36700CE3B0F /* AABB.swift in Sources */ = {isa = PBXBuildFile; fileRef = 1A32FC2624C1E36400CE3B0F /* AABB.swift */; };
		1A32FC5224C1E36700CE3B0F /* Animation.swift in Sources */ = {isa = PBXBuildFile; fileRef = 1A32FC2724C1E36400CE3B0F /* Animation.swift */; };
		1A32FC5424C1E36700CE3B0F /* GameObjectInputComponent.swift in Sources */ = {isa = PBXBuildFile; fileRef = 1A32FC2924C1E36400CE3B0F /* GameObjectInputComponent.swift */; };
		1A32FC5524C1E36700CE3B0F /* GameObjectState.swift in Sources */ = {isa = PBXBuildFile; fileRef = 1A32FC2A24C1E36400CE3B0F /* GameObjectState.swift */; };
		1A32FC5724C1E36700CE3B0F /* GameWorldMemberGraphicsComponent.swift in Sources */ = {isa = PBXBuildFile; fileRef = 1A32FC2C24C1E36400CE3B0F /* GameWorldMemberGraphicsComponent.swift */; };
		1A32FC5924C1E36700CE3B0F /* GameTile.swift in Sources */ = {isa = PBXBuildFile; fileRef = 1A32FC2E24C1E36500CE3B0F /* GameTile.swift */; };
		1A32FC5B24C1E36700CE3B0F /* Hit.swift in Sources */ = {isa = PBXBuildFile; fileRef = 1A32FC3024C1E36500CE3B0F /* Hit.swift */; };
		1A32FC5C24C1E36700CE3B0F /* Vector.swift in Sources */ = {isa = PBXBuildFile; fileRef = 1A32FC3124C1E36500CE3B0F /* Vector.swift */; };
		1A32FC5D24C1E36700CE3B0F /* PointMassSpringJoint.swift in Sources */ = {isa = PBXBuildFile; fileRef = 1A32FC3224C1E36500CE3B0F /* PointMassSpringJoint.swift */; };
		1A32FC5F24C1E36700CE3B0F /* GameWorld.swift in Sources */ = {isa = PBXBuildFile; fileRef = 1A32FC3424C1E36500CE3B0F /* GameWorld.swift */; };
		1A32FC6024C1E36700CE3B0F /* GameTileElevation.swift in Sources */ = {isa = PBXBuildFile; fileRef = 1A32FC3524C1E36500CE3B0F /* GameTileElevation.swift */; };
		1A32FC6124C1E36700CE3B0F /* PointMass.swift in Sources */ = {isa = PBXBuildFile; fileRef = 1A32FC3624C1E36500CE3B0F /* PointMass.swift */; };
		1A32FC6324C1E36700CE3B0F /* GameObjectCommand.swift in Sources */ = {isa = PBXBuildFile; fileRef = 1A32FC3824C1E36500CE3B0F /* GameObjectCommand.swift */; };
		1A32FC6624C1E36700CE3B0F /* Vector2d.swift in Sources */ = {isa = PBXBuildFile; fileRef = 1A32FC3B24C1E36500CE3B0F /* Vector2d.swift */; };
		1A32FC6724C1E36700CE3B0F /* GameWorldMemberObserver.swift in Sources */ = {isa = PBXBuildFile; fileRef = 1A32FC3C24C1E36500CE3B0F /* GameWorldMemberObserver.swift */; };
		1A32FC6924C1E36700CE3B0F /* GameWorldMemberEvent.swift in Sources */ = {isa = PBXBuildFile; fileRef = 1A32FC3E24C1E36600CE3B0F /* GameWorldMemberEvent.swift */; };
		1A32FC6B24C1E36700CE3B0F /* GameObjectCollisionCategories.swift in Sources */ = {isa = PBXBuildFile; fileRef = 1A32FC4024C1E36600CE3B0F /* GameObjectCollisionCategories.swift */; };
		1A32FC6D24C1E36700CE3B0F /* PlaneCoordinate.swift in Sources */ = {isa = PBXBuildFile; fileRef = 1A32FC4224C1E36600CE3B0F /* PlaneCoordinate.swift */; };
		1A32FC6E24C1E36700CE3B0F /* Settings.swift in Sources */ = {isa = PBXBuildFile; fileRef = 1A32FC4324C1E36600CE3B0F /* Settings.swift */; };
		1A32FC7024C1E36700CE3B0F /* GameObjectCollisionComponent.swift in Sources */ = {isa = PBXBuildFile; fileRef = 1A32FC4524C1E36600CE3B0F /* GameObjectCollisionComponent.swift */; };
		1A32FC7224C1E36700CE3B0F /* Position2d.swift in Sources */ = {isa = PBXBuildFile; fileRef = 1A32FC4724C1E36600CE3B0F /* Position2d.swift */; };
		1A32FC7324C1E36700CE3B0F /* GameObjectCommandQueueingComponent.swift in Sources */ = {isa = PBXBuildFile; fileRef = 1A32FC4824C1E36600CE3B0F /* GameObjectCommandQueueingComponent.swift */; };
		1A32FC7424C1E36700CE3B0F /* GameObject.swift in Sources */ = {isa = PBXBuildFile; fileRef = 1A32FC4924C1E36700CE3B0F /* GameObject.swift */; };
		1A32FC7524C1E36700CE3B0F /* UnitPosition.swift in Sources */ = {isa = PBXBuildFile; fileRef = 1A32FC4A24C1E36700CE3B0F /* UnitPosition.swift */; };
		1A32FC7724C1E36700CE3B0F /* Position.swift in Sources */ = {isa = PBXBuildFile; fileRef = 1A32FC4C24C1E36700CE3B0F /* Position.swift */; };
		1A32FC7824C1E36700CE3B0F /* GameObjectPhysicsComponent.swift in Sources */ = {isa = PBXBuildFile; fileRef = 1A32FC4D24C1E36700CE3B0F /* GameObjectPhysicsComponent.swift */; };
		1A3B5BF02728E504001E8412 /* GameWorldObservableSubject.swift in Sources */ = {isa = PBXBuildFile; fileRef = 1A3B5BEF2728E504001E8412 /* GameWorldObservableSubject.swift */; };
		1A42FBB925B67AE60040D481 /* UselessEngineTests.swift in Sources */ = {isa = PBXBuildFile; fileRef = 1A42FBB825B67AE60040D481 /* UselessEngineTests.swift */; };
		1A42FBBB25B67AE60040D481 /* UselessEngine.framework in Frameworks */ = {isa = PBXBuildFile; fileRef = 1A32FC1824C1E33800CE3B0F /* UselessEngine.framework */; };
		1A42FBD525B7CB980040D481 /* GameWorldGraph.swift in Sources */ = {isa = PBXBuildFile; fileRef = 1A42FBD425B7CB980040D481 /* GameWorldGraph.swift */; };
		1A4AB7392616A50600712D3D /* VectorTests.swift in Sources */ = {isa = PBXBuildFile; fileRef = 1A4AB7382616A50600712D3D /* VectorTests.swift */; };
		1A56A1D526D9969900428F62 /* AnimationDelegate.swift in Sources */ = {isa = PBXBuildFile; fileRef = 1A56A1D426D9969900428F62 /* AnimationDelegate.swift */; };
		1A5993D02592E7DB006E4AC4 /* GameWorldGraphNode.swift in Sources */ = {isa = PBXBuildFile; fileRef = 1A5993CF2592E7DB006E4AC4 /* GameWorldGraphNode.swift */; };
		1A5BDF29267E88D100E96D04 /* GameObjectAudioComponent.swift in Sources */ = {isa = PBXBuildFile; fileRef = 1A5BDF28267E88D100E96D04 /* GameObjectAudioComponent.swift */; };
		1A5FB9EF24DAE3AE0025BE93 /* AnimationFrame.swift in Sources */ = {isa = PBXBuildFile; fileRef = 1A5FB9EE24DAE3AE0025BE93 /* AnimationFrame.swift */; };
		1A6E667C260045DB00081B38 /* GameWorldDelegate.swift in Sources */ = {isa = PBXBuildFile; fileRef = 1A6E667B260045DB00081B38 /* GameWorldDelegate.swift */; };
		1A895BE929898751007E7086 /* GameObjectFlags.swift in Sources */ = {isa = PBXBuildFile; fileRef = 1A895BE829898751007E7086 /* GameObjectFlags.swift */; };
		1A933BA82767D6FC00781E06 /* GameObjectTests.swift in Sources */ = {isa = PBXBuildFile; fileRef = 1A933BA72767D6FC00781E06 /* GameObjectTests.swift */; };
		1A933BAC27682C3D00781E06 /* TestObjectGraphicsComponent.swift in Sources */ = {isa = PBXBuildFile; fileRef = 1A933BAB27682C3D00781E06 /* TestObjectGraphicsComponent.swift */; };
		1A933BAE2768312500781E06 /* TestObjectPhysicsComponent.swift in Sources */ = {isa = PBXBuildFile; fileRef = 1A933BAD2768312500781E06 /* TestObjectPhysicsComponent.swift */; };
		1AB525FC25F70F0B00CDC6B0 /* GameWorldGraphDelegate.swift in Sources */ = {isa = PBXBuildFile; fileRef = 1AB525FB25F70F0B00CDC6B0 /* GameWorldGraphDelegate.swift */; };
		1ABB1F84281B771D00935201 /* GameWorldMemberCustomAttributeKey.swift in Sources */ = {isa = PBXBuildFile; fileRef = 1ABB1F83281B771D00935201 /* GameWorldMemberCustomAttributeKey.swift */; };
		1ABB1F8C281B861B00935201 /* GameWorldCustomAttributeKey.swift in Sources */ = {isa = PBXBuildFile; fileRef = 1ABB1F8B281B861B00935201 /* GameWorldCustomAttributeKey.swift */; };
		1AC6463124CBC4CE007D8C21 /* Boost.swift in Sources */ = {isa = PBXBuildFile; fileRef = 1AC6463024CBC4CE007D8C21 /* Boost.swift */; };
		1ACEEFED25CB920700095943 /* AABBTests.swift in Sources */ = {isa = PBXBuildFile; fileRef = 1ACEEFEC25CB920700095943 /* AABBTests.swift */; };
		1AD0FEE72D0A46CB0000C1B4 /* TestTileGraphicsComponent.swift in Sources */ = {isa = PBXBuildFile; fileRef = 1AD0FEE62D0A46CB0000C1B4 /* TestTileGraphicsComponent.swift */; };
		1AD1C61326D5C9030000FD61 /* GameObjectUpdateable.swift in Sources */ = {isa = PBXBuildFile; fileRef = 1AD1C61226D5C9030000FD61 /* GameObjectUpdateable.swift */; };
		1AD1C61526D5CDDD0000FD61 /* GameObjectCollisionDelegate.swift in Sources */ = {isa = PBXBuildFile; fileRef = 1AD1C61426D5CDDD0000FD61 /* GameObjectCollisionDelegate.swift */; };
		1ADC0D3225D37B5A0085CCEE /* GeometryComponent.swift in Sources */ = {isa = PBXBuildFile; fileRef = 1ADC0D3125D37B5A0085CCEE /* GeometryComponent.swift */; };
		1ADC0D3C25DCBACB0085CCEE /* GameWorldTests.swift in Sources */ = {isa = PBXBuildFile; fileRef = 1ADC0D3B25DCBACB0085CCEE /* GameWorldTests.swift */; };
		1AF4E08026D4207700DA47C5 /* GameObjectThrustComponent.swift in Sources */ = {isa = PBXBuildFile; fileRef = 1AF4E07F26D4207700DA47C5 /* GameObjectThrustComponent.swift */; };
		1AF4E9602D03A28E00D724D6 /* GameWorld+GameWorldMemberObserver.swift in Sources */ = {isa = PBXBuildFile; fileRef = 1AF4E95F2D03A28800D724D6 /* GameWorld+GameWorldMemberObserver.swift */; };
/* End PBXBuildFile section */

/* Begin PBXContainerItemProxy section */
		1A09542327BAD62A00457D59 /* PBXContainerItemProxy */ = {
			isa = PBXContainerItemProxy;
			containerPortal = 1A09541F27BAD62A00457D59 /* UselessCommon.xcodeproj */;
			proxyType = 2;
			remoteGlobalIDString = 1A04E86024C1D82700081D46;
			remoteInfo = UselessCommon;
		};
		1A42FBBC25B67AE60040D481 /* PBXContainerItemProxy */ = {
			isa = PBXContainerItemProxy;
			containerPortal = 1A32FC0F24C1E33800CE3B0F /* Project object */;
			proxyType = 1;
			remoteGlobalIDString = 1A32FC1724C1E33800CE3B0F;
			remoteInfo = UselessEngine;
		};
/* End PBXContainerItemProxy section */

/* Begin PBXCopyFilesBuildPhase section */
		1A58E506278A102300038F22 /* Embed Frameworks */ = {
			isa = PBXCopyFilesBuildPhase;
			buildActionMask = 2147483647;
			dstPath = "";
			dstSubfolderSpec = 10;
			files = (
				1A09542627BAD63E00457D59 /* UselessCommon.framework in Embed Frameworks */,
			);
			name = "Embed Frameworks";
			runOnlyForDeploymentPostprocessing = 0;
		};
/* End PBXCopyFilesBuildPhase section */

/* Begin PBXFileReference section */
		1A09541F27BAD62A00457D59 /* UselessCommon.xcodeproj */ = {isa = PBXFileReference; lastKnownFileType = "wrapper.pb-project"; name = UselessCommon.xcodeproj; path = ../UselessCommon/UselessCommon.xcodeproj; sourceTree = "<group>"; };
		1A2010CC25B377DA00776B52 /* GameWorldCollisionGrid.swift */ = {isa = PBXFileReference; lastKnownFileType = sourcecode.swift; path = GameWorldCollisionGrid.swift; sourceTree = "<group>"; };
		1A317E2325BA8305004358E3 /* GameWorldMemberChanges.swift */ = {isa = PBXFileReference; lastKnownFileType = sourcecode.swift; path = GameWorldMemberChanges.swift; sourceTree = "<group>"; };
		1A317E4025BE195B004358E3 /* GameWorldPositionable.swift */ = {isa = PBXFileReference; lastKnownFileType = sourcecode.swift; path = GameWorldPositionable.swift; sourceTree = "<group>"; };
		1A317E7A25C24BB0004358E3 /* GameWorldTerrain.swift */ = {isa = PBXFileReference; lastKnownFileType = sourcecode.swift; path = GameWorldTerrain.swift; sourceTree = "<group>"; };
		1A31D3FF25CCF497004837C9 /* Ray.swift */ = {isa = PBXFileReference; lastKnownFileType = sourcecode.swift; path = Ray.swift; sourceTree = "<group>"; };
		1A32FC1824C1E33800CE3B0F /* UselessEngine.framework */ = {isa = PBXFileReference; explicitFileType = wrapper.framework; includeInIndex = 0; path = UselessEngine.framework; sourceTree = BUILT_PRODUCTS_DIR; };
		1A32FC1B24C1E33800CE3B0F /* UselessEngine.h */ = {isa = PBXFileReference; lastKnownFileType = sourcecode.c.h; path = UselessEngine.h; sourceTree = "<group>"; };
		1A32FC1C24C1E33800CE3B0F /* Info.plist */ = {isa = PBXFileReference; lastKnownFileType = text.plist.xml; path = Info.plist; sourceTree = "<group>"; };
		1A32FC2424C1E36400CE3B0F /* GameWorldCollisionDelegate.swift */ = {isa = PBXFileReference; fileEncoding = 4; lastKnownFileType = sourcecode.swift; path = GameWorldCollisionDelegate.swift; sourceTree = "<group>"; };
		1A32FC2624C1E36400CE3B0F /* AABB.swift */ = {isa = PBXFileReference; fileEncoding = 4; lastKnownFileType = sourcecode.swift; path = AABB.swift; sourceTree = "<group>"; };
		1A32FC2724C1E36400CE3B0F /* Animation.swift */ = {isa = PBXFileReference; fileEncoding = 4; lastKnownFileType = sourcecode.swift; path = Animation.swift; sourceTree = "<group>"; };
		1A32FC2924C1E36400CE3B0F /* GameObjectInputComponent.swift */ = {isa = PBXFileReference; fileEncoding = 4; lastKnownFileType = sourcecode.swift; path = GameObjectInputComponent.swift; sourceTree = "<group>"; };
		1A32FC2A24C1E36400CE3B0F /* GameObjectState.swift */ = {isa = PBXFileReference; fileEncoding = 4; lastKnownFileType = sourcecode.swift; path = GameObjectState.swift; sourceTree = "<group>"; };
		1A32FC2C24C1E36400CE3B0F /* GameWorldMemberGraphicsComponent.swift */ = {isa = PBXFileReference; fileEncoding = 4; lastKnownFileType = sourcecode.swift; path = GameWorldMemberGraphicsComponent.swift; sourceTree = "<group>"; };
		1A32FC2E24C1E36500CE3B0F /* GameTile.swift */ = {isa = PBXFileReference; fileEncoding = 4; lastKnownFileType = sourcecode.swift; path = GameTile.swift; sourceTree = "<group>"; };
		1A32FC3024C1E36500CE3B0F /* Hit.swift */ = {isa = PBXFileReference; fileEncoding = 4; lastKnownFileType = sourcecode.swift; path = Hit.swift; sourceTree = "<group>"; };
		1A32FC3124C1E36500CE3B0F /* Vector.swift */ = {isa = PBXFileReference; fileEncoding = 4; lastKnownFileType = sourcecode.swift; path = Vector.swift; sourceTree = "<group>"; };
		1A32FC3224C1E36500CE3B0F /* PointMassSpringJoint.swift */ = {isa = PBXFileReference; fileEncoding = 4; lastKnownFileType = sourcecode.swift; path = PointMassSpringJoint.swift; sourceTree = "<group>"; };
		1A32FC3424C1E36500CE3B0F /* GameWorld.swift */ = {isa = PBXFileReference; fileEncoding = 4; lastKnownFileType = sourcecode.swift; path = GameWorld.swift; sourceTree = "<group>"; };
		1A32FC3524C1E36500CE3B0F /* GameTileElevation.swift */ = {isa = PBXFileReference; fileEncoding = 4; lastKnownFileType = sourcecode.swift; path = GameTileElevation.swift; sourceTree = "<group>"; };
		1A32FC3624C1E36500CE3B0F /* PointMass.swift */ = {isa = PBXFileReference; fileEncoding = 4; lastKnownFileType = sourcecode.swift; path = PointMass.swift; sourceTree = "<group>"; };
		1A32FC3824C1E36500CE3B0F /* GameObjectCommand.swift */ = {isa = PBXFileReference; fileEncoding = 4; lastKnownFileType = sourcecode.swift; path = GameObjectCommand.swift; sourceTree = "<group>"; };
		1A32FC3B24C1E36500CE3B0F /* Vector2d.swift */ = {isa = PBXFileReference; fileEncoding = 4; lastKnownFileType = sourcecode.swift; path = Vector2d.swift; sourceTree = "<group>"; };
		1A32FC3C24C1E36500CE3B0F /* GameWorldMemberObserver.swift */ = {isa = PBXFileReference; fileEncoding = 4; lastKnownFileType = sourcecode.swift; path = GameWorldMemberObserver.swift; sourceTree = "<group>"; };
		1A32FC3E24C1E36600CE3B0F /* GameWorldMemberEvent.swift */ = {isa = PBXFileReference; fileEncoding = 4; lastKnownFileType = sourcecode.swift; path = GameWorldMemberEvent.swift; sourceTree = "<group>"; };
		1A32FC4024C1E36600CE3B0F /* GameObjectCollisionCategories.swift */ = {isa = PBXFileReference; fileEncoding = 4; lastKnownFileType = sourcecode.swift; path = GameObjectCollisionCategories.swift; sourceTree = "<group>"; };
		1A32FC4224C1E36600CE3B0F /* PlaneCoordinate.swift */ = {isa = PBXFileReference; fileEncoding = 4; lastKnownFileType = sourcecode.swift; path = PlaneCoordinate.swift; sourceTree = "<group>"; };
		1A32FC4324C1E36600CE3B0F /* Settings.swift */ = {isa = PBXFileReference; fileEncoding = 4; lastKnownFileType = sourcecode.swift; path = Settings.swift; sourceTree = "<group>"; };
		1A32FC4524C1E36600CE3B0F /* GameObjectCollisionComponent.swift */ = {isa = PBXFileReference; fileEncoding = 4; lastKnownFileType = sourcecode.swift; path = GameObjectCollisionComponent.swift; sourceTree = "<group>"; };
		1A32FC4724C1E36600CE3B0F /* Position2d.swift */ = {isa = PBXFileReference; fileEncoding = 4; lastKnownFileType = sourcecode.swift; path = Position2d.swift; sourceTree = "<group>"; };
		1A32FC4824C1E36600CE3B0F /* GameObjectCommandQueueingComponent.swift */ = {isa = PBXFileReference; fileEncoding = 4; lastKnownFileType = sourcecode.swift; path = GameObjectCommandQueueingComponent.swift; sourceTree = "<group>"; };
		1A32FC4924C1E36700CE3B0F /* GameObject.swift */ = {isa = PBXFileReference; fileEncoding = 4; lastKnownFileType = sourcecode.swift; path = GameObject.swift; sourceTree = "<group>"; };
		1A32FC4A24C1E36700CE3B0F /* UnitPosition.swift */ = {isa = PBXFileReference; fileEncoding = 4; lastKnownFileType = sourcecode.swift; path = UnitPosition.swift; sourceTree = "<group>"; };
		1A32FC4C24C1E36700CE3B0F /* Position.swift */ = {isa = PBXFileReference; fileEncoding = 4; lastKnownFileType = sourcecode.swift; path = Position.swift; sourceTree = "<group>"; };
		1A32FC4D24C1E36700CE3B0F /* GameObjectPhysicsComponent.swift */ = {isa = PBXFileReference; fileEncoding = 4; lastKnownFileType = sourcecode.swift; path = GameObjectPhysicsComponent.swift; sourceTree = "<group>"; };
		1A3B5BEF2728E504001E8412 /* GameWorldObservableSubject.swift */ = {isa = PBXFileReference; lastKnownFileType = sourcecode.swift; path = GameWorldObservableSubject.swift; sourceTree = "<group>"; };
		1A42FBB625B67AE60040D481 /* UselessEngineTests.xctest */ = {isa = PBXFileReference; explicitFileType = wrapper.cfbundle; includeInIndex = 0; path = UselessEngineTests.xctest; sourceTree = BUILT_PRODUCTS_DIR; };
		1A42FBB825B67AE60040D481 /* UselessEngineTests.swift */ = {isa = PBXFileReference; lastKnownFileType = sourcecode.swift; path = UselessEngineTests.swift; sourceTree = "<group>"; };
		1A42FBBA25B67AE60040D481 /* Info.plist */ = {isa = PBXFileReference; lastKnownFileType = text.plist.xml; path = Info.plist; sourceTree = "<group>"; };
		1A42FBD425B7CB980040D481 /* GameWorldGraph.swift */ = {isa = PBXFileReference; lastKnownFileType = sourcecode.swift; path = GameWorldGraph.swift; sourceTree = "<group>"; };
		1A4AB7382616A50600712D3D /* VectorTests.swift */ = {isa = PBXFileReference; lastKnownFileType = sourcecode.swift; path = VectorTests.swift; sourceTree = "<group>"; };
		1A56A1D426D9969900428F62 /* AnimationDelegate.swift */ = {isa = PBXFileReference; lastKnownFileType = sourcecode.swift; path = AnimationDelegate.swift; sourceTree = "<group>"; };
		1A5993CF2592E7DB006E4AC4 /* GameWorldGraphNode.swift */ = {isa = PBXFileReference; lastKnownFileType = sourcecode.swift; path = GameWorldGraphNode.swift; sourceTree = "<group>"; };
		1A5BDF28267E88D100E96D04 /* GameObjectAudioComponent.swift */ = {isa = PBXFileReference; lastKnownFileType = sourcecode.swift; path = GameObjectAudioComponent.swift; sourceTree = "<group>"; };
		1A5FB9EE24DAE3AE0025BE93 /* AnimationFrame.swift */ = {isa = PBXFileReference; fileEncoding = 4; lastKnownFileType = sourcecode.swift; path = AnimationFrame.swift; sourceTree = "<group>"; };
		1A6E667B260045DB00081B38 /* GameWorldDelegate.swift */ = {isa = PBXFileReference; lastKnownFileType = sourcecode.swift; path = GameWorldDelegate.swift; sourceTree = "<group>"; };
		1A895BE829898751007E7086 /* GameObjectFlags.swift */ = {isa = PBXFileReference; lastKnownFileType = sourcecode.swift; path = GameObjectFlags.swift; sourceTree = "<group>"; };
		1A933BA72767D6FC00781E06 /* GameObjectTests.swift */ = {isa = PBXFileReference; lastKnownFileType = sourcecode.swift; path = GameObjectTests.swift; sourceTree = "<group>"; };
		1A933BAB27682C3D00781E06 /* TestObjectGraphicsComponent.swift */ = {isa = PBXFileReference; lastKnownFileType = sourcecode.swift; path = TestObjectGraphicsComponent.swift; sourceTree = "<group>"; };
		1A933BAD2768312500781E06 /* TestObjectPhysicsComponent.swift */ = {isa = PBXFileReference; lastKnownFileType = sourcecode.swift; path = TestObjectPhysicsComponent.swift; sourceTree = "<group>"; };
		1AB525FB25F70F0B00CDC6B0 /* GameWorldGraphDelegate.swift */ = {isa = PBXFileReference; lastKnownFileType = sourcecode.swift; path = GameWorldGraphDelegate.swift; sourceTree = "<group>"; };
		1ABB1F83281B771D00935201 /* GameWorldMemberCustomAttributeKey.swift */ = {isa = PBXFileReference; lastKnownFileType = sourcecode.swift; path = GameWorldMemberCustomAttributeKey.swift; sourceTree = "<group>"; };
		1ABB1F8B281B861B00935201 /* GameWorldCustomAttributeKey.swift */ = {isa = PBXFileReference; lastKnownFileType = sourcecode.swift; path = GameWorldCustomAttributeKey.swift; sourceTree = "<group>"; };
		1AC6463024CBC4CE007D8C21 /* Boost.swift */ = {isa = PBXFileReference; lastKnownFileType = sourcecode.swift; path = Boost.swift; sourceTree = "<group>"; };
		1ACEEFEC25CB920700095943 /* AABBTests.swift */ = {isa = PBXFileReference; lastKnownFileType = sourcecode.swift; path = AABBTests.swift; sourceTree = "<group>"; };
		1AD0FEE62D0A46CB0000C1B4 /* TestTileGraphicsComponent.swift */ = {isa = PBXFileReference; lastKnownFileType = sourcecode.swift; path = TestTileGraphicsComponent.swift; sourceTree = "<group>"; };
		1AD1C61226D5C9030000FD61 /* GameObjectUpdateable.swift */ = {isa = PBXFileReference; lastKnownFileType = sourcecode.swift; path = GameObjectUpdateable.swift; sourceTree = "<group>"; };
		1AD1C61426D5CDDD0000FD61 /* GameObjectCollisionDelegate.swift */ = {isa = PBXFileReference; lastKnownFileType = sourcecode.swift; path = GameObjectCollisionDelegate.swift; sourceTree = "<group>"; };
		1ADC0D3125D37B5A0085CCEE /* GeometryComponent.swift */ = {isa = PBXFileReference; lastKnownFileType = sourcecode.swift; path = GeometryComponent.swift; sourceTree = "<group>"; };
		1ADC0D3B25DCBACB0085CCEE /* GameWorldTests.swift */ = {isa = PBXFileReference; lastKnownFileType = sourcecode.swift; path = GameWorldTests.swift; sourceTree = "<group>"; };
		1AF4E07F26D4207700DA47C5 /* GameObjectThrustComponent.swift */ = {isa = PBXFileReference; lastKnownFileType = sourcecode.swift; path = GameObjectThrustComponent.swift; sourceTree = "<group>"; };
		1AF4E95F2D03A28800D724D6 /* GameWorld+GameWorldMemberObserver.swift */ = {isa = PBXFileReference; lastKnownFileType = sourcecode.swift; path = "GameWorld+GameWorldMemberObserver.swift"; sourceTree = "<group>"; };
/* End PBXFileReference section */

/* Begin PBXFrameworksBuildPhase section */
		1A32FC1524C1E33800CE3B0F /* Frameworks */ = {
			isa = PBXFrameworksBuildPhase;
			buildActionMask = 2147483647;
			files = (
				1A09542527BAD63E00457D59 /* UselessCommon.framework in Frameworks */,
			);
			runOnlyForDeploymentPostprocessing = 0;
		};
		1A42FBB325B67AE60040D481 /* Frameworks */ = {
			isa = PBXFrameworksBuildPhase;
			buildActionMask = 2147483647;
			files = (
				1A42FBBB25B67AE60040D481 /* UselessEngine.framework in Frameworks */,
			);
			runOnlyForDeploymentPostprocessing = 0;
		};
/* End PBXFrameworksBuildPhase section */

/* Begin PBXGroup section */
		1A09542027BAD62A00457D59 /* Products */ = {
			isa = PBXGroup;
			children = (
				1A09542427BAD62A00457D59 /* UselessCommon.framework */,
			);
			name = Products;
			sourceTree = "<group>";
		};
		1A32FC0E24C1E33800CE3B0F = {
			isa = PBXGroup;
			children = (
				1A32FC1A24C1E33800CE3B0F /* UselessEngine */,
				1A42FBB725B67AE60040D481 /* UselessEngineTests */,
				1A32FC1924C1E33800CE3B0F /* Products */,
				1A4AE29224C28D9C001E7A00 /* Frameworks */,
			);
			sourceTree = "<group>";
		};
		1A32FC1924C1E33800CE3B0F /* Products */ = {
			isa = PBXGroup;
			children = (
				1A32FC1824C1E33800CE3B0F /* UselessEngine.framework */,
				1A42FBB625B67AE60040D481 /* UselessEngineTests.xctest */,
			);
			name = Products;
			sourceTree = "<group>";
		};
		1A32FC1A24C1E33800CE3B0F /* UselessEngine */ = {
			isa = PBXGroup;
			children = (
				1A32FC1B24C1E33800CE3B0F /* UselessEngine.h */,
				1A32FC1C24C1E33800CE3B0F /* Info.plist */,
				1A32FC7924C1E38500CE3B0F /* Graphics */,
				1A32FC7A24C1E39100CE3B0F /* Physics */,
				1A317E4025BE195B004358E3 /* GameWorldPositionable.swift */,
				1A317E2325BA8305004358E3 /* GameWorldMemberChanges.swift */,
				1A32FC3E24C1E36600CE3B0F /* GameWorldMemberEvent.swift */,
				1A32FC3C24C1E36500CE3B0F /* GameWorldMemberObserver.swift */,
				1A3B5BEF2728E504001E8412 /* GameWorldObservableSubject.swift */,
				1ABB1F83281B771D00935201 /* GameWorldMemberCustomAttributeKey.swift */,
				1A32FC2C24C1E36400CE3B0F /* GameWorldMemberGraphicsComponent.swift */,
				1A32FC3524C1E36500CE3B0F /* GameTileElevation.swift */,
				1A32FC2E24C1E36500CE3B0F /* GameTile.swift */,
				1A317E7A25C24BB0004358E3 /* GameWorldTerrain.swift */,
				1AD1C61226D5C9030000FD61 /* GameObjectUpdateable.swift */,
				1A32FC2A24C1E36400CE3B0F /* GameObjectState.swift */,
				1A895BE829898751007E7086 /* GameObjectFlags.swift */,
				1A5BDF28267E88D100E96D04 /* GameObjectAudioComponent.swift */,
				1AF4E07F26D4207700DA47C5 /* GameObjectThrustComponent.swift */,
				1A32FC4024C1E36600CE3B0F /* GameObjectCollisionCategories.swift */,
				1A32FC4524C1E36600CE3B0F /* GameObjectCollisionComponent.swift */,
				1AD1C61426D5CDDD0000FD61 /* GameObjectCollisionDelegate.swift */,
				1A32FC4D24C1E36700CE3B0F /* GameObjectPhysicsComponent.swift */,
				1A32FC3824C1E36500CE3B0F /* GameObjectCommand.swift */,
				1A32FC2924C1E36400CE3B0F /* GameObjectInputComponent.swift */,
				1A32FC4824C1E36600CE3B0F /* GameObjectCommandQueueingComponent.swift */,
				1A32FC4924C1E36700CE3B0F /* GameObject.swift */,
				1ABB1F8B281B861B00935201 /* GameWorldCustomAttributeKey.swift */,
				1A32FC2424C1E36400CE3B0F /* GameWorldCollisionDelegate.swift */,
				1A2010CC25B377DA00776B52 /* GameWorldCollisionGrid.swift */,
				1A5993CF2592E7DB006E4AC4 /* GameWorldGraphNode.swift */,
				1AB525FB25F70F0B00CDC6B0 /* GameWorldGraphDelegate.swift */,
				1A42FBD425B7CB980040D481 /* GameWorldGraph.swift */,
				1A6E667B260045DB00081B38 /* GameWorldDelegate.swift */,
				1A32FC3424C1E36500CE3B0F /* GameWorld.swift */,
				1AF4E95F2D03A28800D724D6 /* GameWorld+GameWorldMemberObserver.swift */,
				1A32FC4324C1E36600CE3B0F /* Settings.swift */,
			);
			path = UselessEngine;
			sourceTree = "<group>";
		};
		1A32FC7924C1E38500CE3B0F /* Graphics */ = {
			isa = PBXGroup;
			children = (
				1A5FB9EE24DAE3AE0025BE93 /* AnimationFrame.swift */,
				1A56A1D426D9969900428F62 /* AnimationDelegate.swift */,
				1A32FC2724C1E36400CE3B0F /* Animation.swift */,
			);
			path = Graphics;
			sourceTree = "<group>";
		};
		1A32FC7A24C1E39100CE3B0F /* Physics */ = {
			isa = PBXGroup;
			children = (
				1ADC0D3125D37B5A0085CCEE /* GeometryComponent.swift */,
				1A32FC4224C1E36600CE3B0F /* PlaneCoordinate.swift */,
				1A32FC4C24C1E36700CE3B0F /* Position.swift */,
				1A32FC4724C1E36600CE3B0F /* Position2d.swift */,
				1A32FC4A24C1E36700CE3B0F /* UnitPosition.swift */,
				1A32FC3124C1E36500CE3B0F /* Vector.swift */,
				1A32FC3B24C1E36500CE3B0F /* Vector2d.swift */,
				1A32FC3624C1E36500CE3B0F /* PointMass.swift */,
				1A32FC3224C1E36500CE3B0F /* PointMassSpringJoint.swift */,
				1A32FC2624C1E36400CE3B0F /* AABB.swift */,
				1A32FC3024C1E36500CE3B0F /* Hit.swift */,
				1A31D3FF25CCF497004837C9 /* Ray.swift */,
				1AC6463024CBC4CE007D8C21 /* Boost.swift */,
			);
			path = Physics;
			sourceTree = "<group>";
		};
		1A42FBB725B67AE60040D481 /* UselessEngineTests */ = {
			isa = PBXGroup;
			children = (
				1A933BAA27682BF400781E06 /* TestObjects */,
				1A42FBB825B67AE60040D481 /* UselessEngineTests.swift */,
				1ACEEFEC25CB920700095943 /* AABBTests.swift */,
				1A933BA72767D6FC00781E06 /* GameObjectTests.swift */,
				1ADC0D3B25DCBACB0085CCEE /* GameWorldTests.swift */,
				1A4AB7382616A50600712D3D /* VectorTests.swift */,
				1A42FBBA25B67AE60040D481 /* Info.plist */,
			);
			path = UselessEngineTests;
			sourceTree = "<group>";
		};
		1A4AE29224C28D9C001E7A00 /* Frameworks */ = {
			isa = PBXGroup;
			children = (
				1A09541F27BAD62A00457D59 /* UselessCommon.xcodeproj */,
			);
			name = Frameworks;
			sourceTree = "<group>";
		};
		1A933BAA27682BF400781E06 /* TestObjects */ = {
			isa = PBXGroup;
			children = (
				1AD0FEE62D0A46CB0000C1B4 /* TestTileGraphicsComponent.swift */,
				1A933BAB27682C3D00781E06 /* TestObjectGraphicsComponent.swift */,
				1A933BAD2768312500781E06 /* TestObjectPhysicsComponent.swift */,
			);
			path = TestObjects;
			sourceTree = "<group>";
		};
/* End PBXGroup section */

/* Begin PBXHeadersBuildPhase section */
		1A32FC1324C1E33800CE3B0F /* Headers */ = {
			isa = PBXHeadersBuildPhase;
			buildActionMask = 2147483647;
			files = (
				1A32FC1D24C1E33800CE3B0F /* UselessEngine.h in Headers */,
			);
			runOnlyForDeploymentPostprocessing = 0;
		};
/* End PBXHeadersBuildPhase section */

/* Begin PBXNativeTarget section */
		1A32FC1724C1E33800CE3B0F /* UselessEngine */ = {
			isa = PBXNativeTarget;
			buildConfigurationList = 1A32FC2024C1E33800CE3B0F /* Build configuration list for PBXNativeTarget "UselessEngine" */;
			buildPhases = (
				1A32FC1324C1E33800CE3B0F /* Headers */,
				1A32FC1424C1E33800CE3B0F /* Sources */,
				1A32FC1524C1E33800CE3B0F /* Frameworks */,
				1A32FC1624C1E33800CE3B0F /* Resources */,
				1A58E506278A102300038F22 /* Embed Frameworks */,
			);
			buildRules = (
			);
			dependencies = (
			);
			name = UselessEngine;
			productName = UselessEngine;
			productReference = 1A32FC1824C1E33800CE3B0F /* UselessEngine.framework */;
			productType = "com.apple.product-type.framework";
		};
		1A42FBB525B67AE60040D481 /* UselessEngineTests */ = {
			isa = PBXNativeTarget;
			buildConfigurationList = 1A42FBC125B67AE60040D481 /* Build configuration list for PBXNativeTarget "UselessEngineTests" */;
			buildPhases = (
				1A42FBB225B67AE60040D481 /* Sources */,
				1A42FBB325B67AE60040D481 /* Frameworks */,
				1A42FBB425B67AE60040D481 /* Resources */,
			);
			buildRules = (
			);
			dependencies = (
				1A42FBBD25B67AE60040D481 /* PBXTargetDependency */,
			);
			name = UselessEngineTests;
			productName = UselessEngineTests;
			productReference = 1A42FBB625B67AE60040D481 /* UselessEngineTests.xctest */;
			productType = "com.apple.product-type.bundle.unit-test";
		};
/* End PBXNativeTarget section */

/* Begin PBXProject section */
		1A32FC0F24C1E33800CE3B0F /* Project object */ = {
			isa = PBXProject;
			attributes = {
				LastSwiftUpdateCheck = 1230;
				LastUpgradeCheck = 1210;
				ORGANIZATIONNAME = "Useless Robot";
				TargetAttributes = {
					1A32FC1724C1E33800CE3B0F = {
						CreatedOnToolsVersion = 11.6;
						LastSwiftMigration = 1160;
					};
					1A42FBB525B67AE60040D481 = {
						CreatedOnToolsVersion = 12.3;
					};
				};
			};
			buildConfigurationList = 1A32FC1224C1E33800CE3B0F /* Build configuration list for PBXProject "UselessEngine" */;
			compatibilityVersion = "Xcode 9.3";
			developmentRegion = en;
			hasScannedForEncodings = 0;
			knownRegions = (
				en,
				Base,
			);
			mainGroup = 1A32FC0E24C1E33800CE3B0F;
			productRefGroup = 1A32FC1924C1E33800CE3B0F /* Products */;
			projectDirPath = "";
			projectReferences = (
				{
					ProductGroup = 1A09542027BAD62A00457D59 /* Products */;
					ProjectRef = 1A09541F27BAD62A00457D59 /* UselessCommon.xcodeproj */;
				},
			);
			projectRoot = "";
			targets = (
				1A32FC1724C1E33800CE3B0F /* UselessEngine */,
				1A42FBB525B67AE60040D481 /* UselessEngineTests */,
			);
		};
/* End PBXProject section */

/* Begin PBXReferenceProxy section */
		1A09542427BAD62A00457D59 /* UselessCommon.framework */ = {
			isa = PBXReferenceProxy;
			fileType = wrapper.framework;
			path = UselessCommon.framework;
			remoteRef = 1A09542327BAD62A00457D59 /* PBXContainerItemProxy */;
			sourceTree = BUILT_PRODUCTS_DIR;
		};
/* End PBXReferenceProxy section */

/* Begin PBXResourcesBuildPhase section */
		1A32FC1624C1E33800CE3B0F /* Resources */ = {
			isa = PBXResourcesBuildPhase;
			buildActionMask = 2147483647;
			files = (
			);
			runOnlyForDeploymentPostprocessing = 0;
		};
		1A42FBB425B67AE60040D481 /* Resources */ = {
			isa = PBXResourcesBuildPhase;
			buildActionMask = 2147483647;
			files = (
			);
			runOnlyForDeploymentPostprocessing = 0;
		};
/* End PBXResourcesBuildPhase section */

/* Begin PBXSourcesBuildPhase section */
		1A32FC1424C1E33800CE3B0F /* Sources */ = {
			isa = PBXSourcesBuildPhase;
			buildActionMask = 2147483647;
			files = (
				1A32FC6324C1E36700CE3B0F /* GameObjectCommand.swift in Sources */,
				1A317E2425BA8305004358E3 /* GameWorldMemberChanges.swift in Sources */,
				1A32FC7224C1E36700CE3B0F /* Position2d.swift in Sources */,
				1A32FC7524C1E36700CE3B0F /* UnitPosition.swift in Sources */,
				1AB525FC25F70F0B00CDC6B0 /* GameWorldGraphDelegate.swift in Sources */,
				1A5BDF29267E88D100E96D04 /* GameObjectAudioComponent.swift in Sources */,
				1A32FC4F24C1E36700CE3B0F /* GameWorldCollisionDelegate.swift in Sources */,
				1AF4E08026D4207700DA47C5 /* GameObjectThrustComponent.swift in Sources */,
				1A32FC6024C1E36700CE3B0F /* GameTileElevation.swift in Sources */,
				1A32FC5924C1E36700CE3B0F /* GameTile.swift in Sources */,
				1A32FC7324C1E36700CE3B0F /* GameObjectCommandQueueingComponent.swift in Sources */,
				1AD1C61326D5C9030000FD61 /* GameObjectUpdateable.swift in Sources */,
				1AF4E9602D03A28E00D724D6 /* GameWorld+GameWorldMemberObserver.swift in Sources */,
				1A2010CD25B377DA00776B52 /* GameWorldCollisionGrid.swift in Sources */,
				1A317E4125BE195B004358E3 /* GameWorldPositionable.swift in Sources */,
				1A32FC6D24C1E36700CE3B0F /* PlaneCoordinate.swift in Sources */,
				1A32FC6E24C1E36700CE3B0F /* Settings.swift in Sources */,
				1A5993D02592E7DB006E4AC4 /* GameWorldGraphNode.swift in Sources */,
				1A3B5BF02728E504001E8412 /* GameWorldObservableSubject.swift in Sources */,
				1A32FC7724C1E36700CE3B0F /* Position.swift in Sources */,
				1A42FBD525B7CB980040D481 /* GameWorldGraph.swift in Sources */,
				1A31D40025CCF497004837C9 /* Ray.swift in Sources */,
				1A32FC5524C1E36700CE3B0F /* GameObjectState.swift in Sources */,
				1A32FC7824C1E36700CE3B0F /* GameObjectPhysicsComponent.swift in Sources */,
				1A32FC5C24C1E36700CE3B0F /* Vector.swift in Sources */,
				1A56A1D526D9969900428F62 /* AnimationDelegate.swift in Sources */,
				1ABB1F84281B771D00935201 /* GameWorldMemberCustomAttributeKey.swift in Sources */,
				1A895BE929898751007E7086 /* GameObjectFlags.swift in Sources */,
				1A32FC5B24C1E36700CE3B0F /* Hit.swift in Sources */,
				1A32FC7424C1E36700CE3B0F /* GameObject.swift in Sources */,
				1A317E7B25C24BB0004358E3 /* GameWorldTerrain.swift in Sources */,
				1A32FC6B24C1E36700CE3B0F /* GameObjectCollisionCategories.swift in Sources */,
				1A32FC6924C1E36700CE3B0F /* GameWorldMemberEvent.swift in Sources */,
				1ABB1F8C281B861B00935201 /* GameWorldCustomAttributeKey.swift in Sources */,
				1A32FC5F24C1E36700CE3B0F /* GameWorld.swift in Sources */,
				1AD1C61526D5CDDD0000FD61 /* GameObjectCollisionDelegate.swift in Sources */,
				1A32FC7024C1E36700CE3B0F /* GameObjectCollisionComponent.swift in Sources */,
				1A32FC6724C1E36700CE3B0F /* GameWorldMemberObserver.swift in Sources */,
				1ADC0D3225D37B5A0085CCEE /* GeometryComponent.swift in Sources */,
				1A32FC5D24C1E36700CE3B0F /* PointMassSpringJoint.swift in Sources */,
				1A32FC5224C1E36700CE3B0F /* Animation.swift in Sources */,
				1A32FC5124C1E36700CE3B0F /* AABB.swift in Sources */,
				1A32FC6124C1E36700CE3B0F /* PointMass.swift in Sources */,
				1A32FC5724C1E36700CE3B0F /* GameWorldMemberGraphicsComponent.swift in Sources */,
				1A6E667C260045DB00081B38 /* GameWorldDelegate.swift in Sources */,
				1A5FB9EF24DAE3AE0025BE93 /* AnimationFrame.swift in Sources */,
				1AC6463124CBC4CE007D8C21 /* Boost.swift in Sources */,
				1A32FC5424C1E36700CE3B0F /* GameObjectInputComponent.swift in Sources */,
				1A32FC6624C1E36700CE3B0F /* Vector2d.swift in Sources */,
			);
			runOnlyForDeploymentPostprocessing = 0;
		};
		1A42FBB225B67AE60040D481 /* Sources */ = {
			isa = PBXSourcesBuildPhase;
			buildActionMask = 2147483647;
			files = (
				1A933BAE2768312500781E06 /* TestObjectPhysicsComponent.swift in Sources */,
				1A933BA82767D6FC00781E06 /* GameObjectTests.swift in Sources */,
				1A42FBB925B67AE60040D481 /* UselessEngineTests.swift in Sources */,
				1AD0FEE72D0A46CB0000C1B4 /* TestTileGraphicsComponent.swift in Sources */,
				1ACEEFED25CB920700095943 /* AABBTests.swift in Sources */,
				1A4AB7392616A50600712D3D /* VectorTests.swift in Sources */,
				1ADC0D3C25DCBACB0085CCEE /* GameWorldTests.swift in Sources */,
				1A933BAC27682C3D00781E06 /* TestObjectGraphicsComponent.swift in Sources */,
			);
			runOnlyForDeploymentPostprocessing = 0;
		};
/* End PBXSourcesBuildPhase section */

/* Begin PBXTargetDependency section */
		1A42FBBD25B67AE60040D481 /* PBXTargetDependency */ = {
			isa = PBXTargetDependency;
			target = 1A32FC1724C1E33800CE3B0F /* UselessEngine */;
			targetProxy = 1A42FBBC25B67AE60040D481 /* PBXContainerItemProxy */;
		};
/* End PBXTargetDependency section */

/* Begin XCBuildConfiguration section */
		1A32FC1E24C1E33800CE3B0F /* Debug */ = {
			isa = XCBuildConfiguration;
			buildSettings = {
				ALWAYS_SEARCH_USER_PATHS = NO;
				CLANG_ANALYZER_NONNULL = YES;
				CLANG_ANALYZER_NUMBER_OBJECT_CONVERSION = YES_AGGRESSIVE;
				CLANG_CXX_LANGUAGE_STANDARD = "gnu++14";
				CLANG_CXX_LIBRARY = "libc++";
				CLANG_ENABLE_MODULES = YES;
				CLANG_ENABLE_OBJC_ARC = YES;
				CLANG_ENABLE_OBJC_WEAK = YES;
				CLANG_WARN_BLOCK_CAPTURE_AUTORELEASING = YES;
				CLANG_WARN_BOOL_CONVERSION = YES;
				CLANG_WARN_COMMA = YES;
				CLANG_WARN_CONSTANT_CONVERSION = YES;
				CLANG_WARN_DEPRECATED_OBJC_IMPLEMENTATIONS = YES;
				CLANG_WARN_DIRECT_OBJC_ISA_USAGE = YES_ERROR;
				CLANG_WARN_DOCUMENTATION_COMMENTS = YES;
				CLANG_WARN_EMPTY_BODY = YES;
				CLANG_WARN_ENUM_CONVERSION = YES;
				CLANG_WARN_INFINITE_RECURSION = YES;
				CLANG_WARN_INT_CONVERSION = YES;
				CLANG_WARN_NON_LITERAL_NULL_CONVERSION = YES;
				CLANG_WARN_OBJC_IMPLICIT_RETAIN_SELF = YES;
				CLANG_WARN_OBJC_LITERAL_CONVERSION = YES;
				CLANG_WARN_OBJC_ROOT_CLASS = YES_ERROR;
				CLANG_WARN_QUOTED_INCLUDE_IN_FRAMEWORK_HEADER = YES;
				CLANG_WARN_RANGE_LOOP_ANALYSIS = YES;
				CLANG_WARN_STRICT_PROTOTYPES = YES;
				CLANG_WARN_SUSPICIOUS_MOVE = YES;
				CLANG_WARN_UNGUARDED_AVAILABILITY = YES_AGGRESSIVE;
				CLANG_WARN_UNREACHABLE_CODE = YES;
				CLANG_WARN__DUPLICATE_METHOD_MATCH = YES;
				COPY_PHASE_STRIP = NO;
				CURRENT_PROJECT_VERSION = 1;
				DEBUG_INFORMATION_FORMAT = dwarf;
				ENABLE_STRICT_OBJC_MSGSEND = YES;
				ENABLE_TESTABILITY = YES;
				GCC_C_LANGUAGE_STANDARD = gnu11;
				GCC_DYNAMIC_NO_PIC = NO;
				GCC_NO_COMMON_BLOCKS = YES;
				GCC_OPTIMIZATION_LEVEL = 0;
				GCC_PREPROCESSOR_DEFINITIONS = (
					"DEBUG=1",
					"$(inherited)",
				);
				GCC_WARN_64_TO_32_BIT_CONVERSION = YES;
				GCC_WARN_ABOUT_RETURN_TYPE = YES_ERROR;
				GCC_WARN_UNDECLARED_SELECTOR = YES;
				GCC_WARN_UNINITIALIZED_AUTOS = YES_AGGRESSIVE;
				GCC_WARN_UNUSED_FUNCTION = YES;
				GCC_WARN_UNUSED_VARIABLE = YES;
				IPHONEOS_DEPLOYMENT_TARGET = 11.0;
				MTL_ENABLE_DEBUG_INFO = INCLUDE_SOURCE;
				MTL_FAST_MATH = YES;
				ONLY_ACTIVE_ARCH = YES;
				SDKROOT = iphoneos;
				SWIFT_ACTIVE_COMPILATION_CONDITIONS = DEBUG;
				SWIFT_OPTIMIZATION_LEVEL = "-Onone";
				VERSIONING_SYSTEM = "apple-generic";
				VERSION_INFO_PREFIX = "";
			};
			name = Debug;
		};
		1A32FC1F24C1E33800CE3B0F /* Release */ = {
			isa = XCBuildConfiguration;
			buildSettings = {
				ALWAYS_SEARCH_USER_PATHS = NO;
				CLANG_ANALYZER_NONNULL = YES;
				CLANG_ANALYZER_NUMBER_OBJECT_CONVERSION = YES_AGGRESSIVE;
				CLANG_CXX_LANGUAGE_STANDARD = "gnu++14";
				CLANG_CXX_LIBRARY = "libc++";
				CLANG_ENABLE_MODULES = YES;
				CLANG_ENABLE_OBJC_ARC = YES;
				CLANG_ENABLE_OBJC_WEAK = YES;
				CLANG_WARN_BLOCK_CAPTURE_AUTORELEASING = YES;
				CLANG_WARN_BOOL_CONVERSION = YES;
				CLANG_WARN_COMMA = YES;
				CLANG_WARN_CONSTANT_CONVERSION = YES;
				CLANG_WARN_DEPRECATED_OBJC_IMPLEMENTATIONS = YES;
				CLANG_WARN_DIRECT_OBJC_ISA_USAGE = YES_ERROR;
				CLANG_WARN_DOCUMENTATION_COMMENTS = YES;
				CLANG_WARN_EMPTY_BODY = YES;
				CLANG_WARN_ENUM_CONVERSION = YES;
				CLANG_WARN_INFINITE_RECURSION = YES;
				CLANG_WARN_INT_CONVERSION = YES;
				CLANG_WARN_NON_LITERAL_NULL_CONVERSION = YES;
				CLANG_WARN_OBJC_IMPLICIT_RETAIN_SELF = YES;
				CLANG_WARN_OBJC_LITERAL_CONVERSION = YES;
				CLANG_WARN_OBJC_ROOT_CLASS = YES_ERROR;
				CLANG_WARN_QUOTED_INCLUDE_IN_FRAMEWORK_HEADER = YES;
				CLANG_WARN_RANGE_LOOP_ANALYSIS = YES;
				CLANG_WARN_STRICT_PROTOTYPES = YES;
				CLANG_WARN_SUSPICIOUS_MOVE = YES;
				CLANG_WARN_UNGUARDED_AVAILABILITY = YES_AGGRESSIVE;
				CLANG_WARN_UNREACHABLE_CODE = YES;
				CLANG_WARN__DUPLICATE_METHOD_MATCH = YES;
				COPY_PHASE_STRIP = NO;
				CURRENT_PROJECT_VERSION = 1;
				DEBUG_INFORMATION_FORMAT = "dwarf-with-dsym";
				ENABLE_NS_ASSERTIONS = NO;
				ENABLE_STRICT_OBJC_MSGSEND = YES;
				GCC_C_LANGUAGE_STANDARD = gnu11;
				GCC_NO_COMMON_BLOCKS = YES;
				GCC_WARN_64_TO_32_BIT_CONVERSION = YES;
				GCC_WARN_ABOUT_RETURN_TYPE = YES_ERROR;
				GCC_WARN_UNDECLARED_SELECTOR = YES;
				GCC_WARN_UNINITIALIZED_AUTOS = YES_AGGRESSIVE;
				GCC_WARN_UNUSED_FUNCTION = YES;
				GCC_WARN_UNUSED_VARIABLE = YES;
				IPHONEOS_DEPLOYMENT_TARGET = 11.0;
				MTL_ENABLE_DEBUG_INFO = NO;
				MTL_FAST_MATH = YES;
				SDKROOT = iphoneos;
				SWIFT_COMPILATION_MODE = wholemodule;
				SWIFT_OPTIMIZATION_LEVEL = "-O";
				VALIDATE_PRODUCT = YES;
				VERSIONING_SYSTEM = "apple-generic";
				VERSION_INFO_PREFIX = "";
			};
			name = Release;
		};
		1A32FC2124C1E33800CE3B0F /* Debug */ = {
			isa = XCBuildConfiguration;
			buildSettings = {
				CLANG_ENABLE_MODULES = YES;
				CODE_SIGN_STYLE = Automatic;
				DEFINES_MODULE = YES;
				DEVELOPMENT_TEAM = W8DNYX3CN5;
				DYLIB_COMPATIBILITY_VERSION = 1;
				DYLIB_CURRENT_VERSION = 1;
				DYLIB_INSTALL_NAME_BASE = "@rpath";
				INFOPLIST_FILE = UselessEngine/Info.plist;
				INSTALL_PATH = "$(LOCAL_LIBRARY_DIR)/Frameworks";
				LD_RUNPATH_SEARCH_PATHS = (
					"$(inherited)",
					"@executable_path/Frameworks",
					"@loader_path/Frameworks",
				);
				PRODUCT_BUNDLE_IDENTIFIER = com.uselessrobot.UselessEngine;
				PRODUCT_NAME = "$(TARGET_NAME:c99extidentifier)";
				SKIP_INSTALL = YES;
				SWIFT_ACTIVE_COMPILATION_CONDITIONS = "DEBUG DEBUG_VERBOSE";
				SWIFT_OPTIMIZATION_LEVEL = "-Onone";
				SWIFT_VERSION = 5.0;
				TARGETED_DEVICE_FAMILY = "1,2";
			};
			name = Debug;
		};
		1A32FC2224C1E33800CE3B0F /* Release */ = {
			isa = XCBuildConfiguration;
			buildSettings = {
				CLANG_ENABLE_MODULES = YES;
				CODE_SIGN_STYLE = Automatic;
				DEFINES_MODULE = YES;
				DEVELOPMENT_TEAM = W8DNYX3CN5;
				DYLIB_COMPATIBILITY_VERSION = 1;
				DYLIB_CURRENT_VERSION = 1;
				DYLIB_INSTALL_NAME_BASE = "@rpath";
				INFOPLIST_FILE = UselessEngine/Info.plist;
				INSTALL_PATH = "$(LOCAL_LIBRARY_DIR)/Frameworks";
				LD_RUNPATH_SEARCH_PATHS = (
					"$(inherited)",
					"@executable_path/Frameworks",
					"@loader_path/Frameworks",
				);
				PRODUCT_BUNDLE_IDENTIFIER = com.uselessrobot.UselessEngine;
				PRODUCT_NAME = "$(TARGET_NAME:c99extidentifier)";
				SKIP_INSTALL = YES;
				SWIFT_VERSION = 5.0;
				TARGETED_DEVICE_FAMILY = "1,2";
			};
			name = Release;
		};
		1A42FBBE25B67AE60040D481 /* Debug */ = {
			isa = XCBuildConfiguration;
			buildSettings = {
				CODE_SIGN_STYLE = Automatic;
				DEVELOPMENT_TEAM = W8DNYX3CN5;
				INFOPLIST_FILE = UselessEngineTests/Info.plist;
				LD_RUNPATH_SEARCH_PATHS = (
					"$(inherited)",
					"@executable_path/Frameworks",
					"@loader_path/Frameworks",
				);
				PRODUCT_BUNDLE_IDENTIFIER = com.uselessrobot.UselessEngineTests;
				PRODUCT_NAME = "$(TARGET_NAME)";
				SWIFT_ACTIVE_COMPILATION_CONDITIONS = DEBUG;
				SWIFT_VERSION = 5.0;
				TARGETED_DEVICE_FAMILY = "1,2";
			};
			name = Debug;
		};
		1A42FBBF25B67AE60040D481 /* Release */ = {
			isa = XCBuildConfiguration;
			buildSettings = {
				CODE_SIGN_STYLE = Automatic;
				DEVELOPMENT_TEAM = W8DNYX3CN5;
				INFOPLIST_FILE = UselessEngineTests/Info.plist;
				LD_RUNPATH_SEARCH_PATHS = (
					"$(inherited)",
					"@executable_path/Frameworks",
					"@loader_path/Frameworks",
				);
				PRODUCT_BUNDLE_IDENTIFIER = com.uselessrobot.UselessEngineTests;
				PRODUCT_NAME = "$(TARGET_NAME)";
				SWIFT_VERSION = 5.0;
				TARGETED_DEVICE_FAMILY = "1,2";
			};
			name = Release;
		};
/* End XCBuildConfiguration section */

/* Begin XCConfigurationList section */
		1A32FC1224C1E33800CE3B0F /* Build configuration list for PBXProject "UselessEngine" */ = {
			isa = XCConfigurationList;
			buildConfigurations = (
				1A32FC1E24C1E33800CE3B0F /* Debug */,
				1A32FC1F24C1E33800CE3B0F /* Release */,
			);
			defaultConfigurationIsVisible = 0;
			defaultConfigurationName = Release;
		};
		1A32FC2024C1E33800CE3B0F /* Build configuration list for PBXNativeTarget "UselessEngine" */ = {
			isa = XCConfigurationList;
			buildConfigurations = (
				1A32FC2124C1E33800CE3B0F /* Debug */,
				1A32FC2224C1E33800CE3B0F /* Release */,
			);
			defaultConfigurationIsVisible = 0;
			defaultConfigurationName = Release;
		};
		1A42FBC125B67AE60040D481 /* Build configuration list for PBXNativeTarget "UselessEngineTests" */ = {
			isa = XCConfigurationList;
			buildConfigurations = (
				1A42FBBE25B67AE60040D481 /* Debug */,
				1A42FBBF25B67AE60040D481 /* Release */,
			);
			defaultConfigurationIsVisible = 0;
			defaultConfigurationName = Release;
		};
/* End XCConfigurationList section */
	};
	rootObject = 1A32FC0F24C1E33800CE3B0F /* Project object */;
}
